{
  "requires": true,
  "lockfileVersion": 1,
  "dependencies": {
    "rn-samsung-health": {
      "version": "0.1.4",
      "resolved": "https://registry.npmjs.org/rn-samsung-health/-/rn-samsung-health-0.1.4.tgz",
      "integrity": "sha512-h6QBG2rjYYr89rWgUcSURiChWDLkRaFXkqbRfFNykB8GdM7NQtVyhi1qYbKu5AJIk3SPIV5I5bGOC2hglhbfSA=="
    }
  }
}
